
Microsoft Visual Studio Solution File, Format Version 12.00
# Visual Studio Version 17
VisualStudioVersion = 17.9.34902.65
MinimumVisualStudioVersion = 10.0.40219.1
Project("{FAE04EC0-301F-11D3-BF4B-00C04F79EFBC}") = "talktalk", "talktalk.csproj", "{EC1659AA-C9F7-4C70-9E6F-D040364B6799}"
EndProject
Global
	GlobalSection(SolutionConfigurationPlatforms) = preSolution
		Debug|Any CPU = Debug|Any CPU
		Release|Any CPU = Release|Any CPU
	EndGlobalSection
	GlobalSection(ProjectConfigurationPlatforms) = postSolution
		{EC1659AA-C9F7-4C70-9E6F-D040364B6799}.Debug|Any CPU.ActiveCfg = Debug|Any CPU
		{EC1659AA-C9F7-4C70-9E6F-D040364B6799}.Debug|Any CPU.Build.0 = Debug|Any CPU
		{EC1659AA-C9F7-4C70-9E6F-D040364B6799}.Release|Any CPU.ActiveCfg = Release|Any CPU
		{EC1659AA-C9F7-4C70-9E6F-D040364B6799}.Release|Any CPU.Build.0 = Release|Any CPU
	EndGlobalSection
	GlobalSection(SolutionProperties) = preSolution
		HideSolutionNode = FALSE
	EndGlobalSection
	GlobalSection(ExtensibilityGlobals) = postSolution
		SolutionGuid = {7C10AF03-312D-4DE2-AF84-60EE4B498CB9}
	EndGlobalSection
EndGlobal
